<?xml version="1.0" encoding="utf-8"?>
<Project ToolsVersion="4.0" xmlns="http://schemas.microsoft.com/developer/msbuild/2003">
  <ItemGroup>
    <Filter Include="Source Files">
      <UniqueIdentifier>{6562c352-6168-4477-9c43-419fd5bfc071}</UniqueIdentifier>
      <Extensions>cpp;c;cxx;rc;def;r;odl;idl;hpj;bat</Extensions>
    </Filter>
    <Filter Include="Header Files">
      <UniqueIdentifier>{5c5df2a7-c78b-4c5b-bd1d-b4bf82e23fbb}</UniqueIdentifier>
      <Extensions>h;hpp;hxx;hm;inl</Extensions>
    </Filter>
    <Filter Include="Resource Files">
      <UniqueIdentifier>{df0bb05e-dd38-424e-b7cc-7be7d9d55477}</UniqueIdentifier>
      <Extensions>ico;cur;bmp;dlg;rc2;rct;bin;rgs;gif;jpg;jpeg;jpe</Extensions>
    </Filter>
  </ItemGroup>
  <ItemGroup>
    <ClCompile Include="BiTree.c">
      <Filter>Source Files</Filter>
    </ClCompile>
    <ClCompile Include="LinearList.c">
      <Filter>Source Files</Filter>
    </ClCompile>
    <ClCompile Include="main.cpp">
      <Filter>Source Files</Filter>
    </ClCompile>
    <ClCompile Include="Stack.c">
      <Filter>Source Files</Filter>
    </ClCompile>
    <ClCompile Include="InsertSort.c">
      <Filter>Source Files</Filter>
    </ClCompile>
    <ClCompile Include="DivMerg.c">
      <Filter>Source Files</Filter>
    </ClCompile>
  </ItemGroup>
  <ItemGroup>
    <ClInclude Include="BiTree.h">
      <Filter>Header Files</Filter>
    </ClInclude>
    <ClInclude Include="GlobalDef.h">
      <Filter>Header Files</Filter>
    </ClInclude>
    <ClInclude Include="LinearList.h">
      <Filter>Header Files</Filter>
    </ClInclude>
    <ClInclude Include="Stack.h">
      <Filter>Header Files</Filter>
    </ClInclude>
    <ClInclude Include="InsertSort.h">
      <Filter>Header Files</Filter>
    </ClInclude>
    <ClInclude Include="DivMerg.h">
      <Filter>Header Files</Filter>
    </ClInclude>
  </ItemGroup>
</Project>